
Microsoft Visual Studio Solution File, Format Version 12.00
# Visual Studio Version 17
VisualStudioVersion = 17.1.32228.430
MinimumVisualStudioVersion = 10.0.40219.1
Project("{FAE04EC0-301F-11D3-BF4B-00C04F79EFBC}") = "InterviewHelper.API", "InterviewHelper.API\InterviewHelper.API.csproj", "{6254C40C-6864-4406-AF7E-80945D6DCB24}"
EndProject
Project("{FAE04EC0-301F-11D3-BF4B-00C04F79EFBC}") = "InterviewHelper.Core", "InterviewHelper.Core\InterviewHelper.Core.csproj", "{71F4B02B-BEA4-4CB2-8B30-9AC27785F434}"
EndProject
Project("{FAE04EC0-301F-11D3-BF4B-00C04F79EFBC}") = "InterviewHelper.DataAccess", "InterviewHelper.DataAccess\InterviewHelper.DataAccess.csproj", "{FBF9F375-4164-4FB9-87A5-23A321FB4046}"
EndProject
Project("{FAE04EC0-301F-11D3-BF4B-00C04F79EFBC}") = "InterviewHelper.Services", "InterviewHelper.Services\InterviewHelper.Services.csproj", "{8EA11C93-82E7-4686-A8EF-224B47FAA21A}"
EndProject
Project("{FAE04EC0-301F-11D3-BF4B-00C04F79EFBC}") = "InterviewHelper.Infrastructure", "InterviewHelper.Infrastructure\InterviewHelper.Infrastructure.csproj", "{50A022CF-30E2-4AE6-9F81-953795355724}"
EndProject
Global
	GlobalSection(SolutionConfigurationPlatforms) = preSolution
		Debug|Any CPU = Debug|Any CPU
		Release|Any CPU = Release|Any CPU
	EndGlobalSection
	GlobalSection(ProjectConfigurationPlatforms) = postSolution
		{6254C40C-6864-4406-AF7E-80945D6DCB24}.Debug|Any CPU.ActiveCfg = Debug|Any CPU
		{6254C40C-6864-4406-AF7E-80945D6DCB24}.Debug|Any CPU.Build.0 = Debug|Any CPU
		{6254C40C-6864-4406-AF7E-80945D6DCB24}.Release|Any CPU.ActiveCfg = Release|Any CPU
		{6254C40C-6864-4406-AF7E-80945D6DCB24}.Release|Any CPU.Build.0 = Release|Any CPU
		{71F4B02B-BEA4-4CB2-8B30-9AC27785F434}.Debug|Any CPU.ActiveCfg = Debug|Any CPU
		{71F4B02B-BEA4-4CB2-8B30-9AC27785F434}.Debug|Any CPU.Build.0 = Debug|Any CPU
		{71F4B02B-BEA4-4CB2-8B30-9AC27785F434}.Release|Any CPU.ActiveCfg = Release|Any CPU
		{71F4B02B-BEA4-4CB2-8B30-9AC27785F434}.Release|Any CPU.Build.0 = Release|Any CPU
		{FBF9F375-4164-4FB9-87A5-23A321FB4046}.Debug|Any CPU.ActiveCfg = Debug|Any CPU
		{FBF9F375-4164-4FB9-87A5-23A321FB4046}.Debug|Any CPU.Build.0 = Debug|Any CPU
		{FBF9F375-4164-4FB9-87A5-23A321FB4046}.Release|Any CPU.ActiveCfg = Release|Any CPU
		{FBF9F375-4164-4FB9-87A5-23A321FB4046}.Release|Any CPU.Build.0 = Release|Any CPU
		{8EA11C93-82E7-4686-A8EF-224B47FAA21A}.Debug|Any CPU.ActiveCfg = Debug|Any CPU
		{8EA11C93-82E7-4686-A8EF-224B47FAA21A}.Debug|Any CPU.Build.0 = Debug|Any CPU
		{8EA11C93-82E7-4686-A8EF-224B47FAA21A}.Release|Any CPU.ActiveCfg = Release|Any CPU
		{8EA11C93-82E7-4686-A8EF-224B47FAA21A}.Release|Any CPU.Build.0 = Release|Any CPU
		{50A022CF-30E2-4AE6-9F81-953795355724}.Debug|Any CPU.ActiveCfg = Debug|Any CPU
		{50A022CF-30E2-4AE6-9F81-953795355724}.Debug|Any CPU.Build.0 = Debug|Any CPU
		{50A022CF-30E2-4AE6-9F81-953795355724}.Release|Any CPU.ActiveCfg = Release|Any CPU
		{50A022CF-30E2-4AE6-9F81-953795355724}.Release|Any CPU.Build.0 = Release|Any CPU
	EndGlobalSection
	GlobalSection(SolutionProperties) = preSolution
		HideSolutionNode = FALSE
	EndGlobalSection
	GlobalSection(ExtensibilityGlobals) = postSolution
		SolutionGuid = {02700866-9B4C-4E64-8E28-F61280E230E9}
	EndGlobalSection
EndGlobal
